<?xml version="1.0" encoding="utf-8"?>
<Project ToolsVersion="4.0" xmlns="http://schemas.microsoft.com/developer/msbuild/2003">
  <ItemGroup>
    <ClCompile Include="GameLauncher.cpp" />
    <ClCompile Include="ImageData.cpp">
      <Filter>Media</Filter>
    </ClCompile>
    <ClCompile Include="ImageChest.cpp">
      <Filter>Media</Filter>
    </ClCompile>
    <ClCompile Include="MovieData.cpp">
      <Filter>Media</Filter>
    </ClCompile>
    <ClCompile Include="MovieChest.cpp">
      <Filter>Media</Filter>
    </ClCompile>
    <ClCompile Include="MusicChest.cpp">
      <Filter>Media</Filter>
    </ClCompile>
    <ClCompile Include="MusicData.cpp">
      <Filter>Media</Filter>
    </ClCompile>
    <ClCompile Include="FontChest.cpp">
      <Filter>Font</Filter>
    </ClCompile>
    <ClCompile Include="KeyboardInput.cpp">
      <Filter>Input</Filter>
    </ClCompile>
    <ClCompile Include="MouseInput.cpp">
      <Filter>Input</Filter>
    </ClCompile>
    <ClCompile Include="ScrollInput.cpp">
      <Filter>Input</Filter>
    </ClCompile>
    <ClCompile Include="JsonSoftwareData.cpp">
      <Filter>Json</Filter>
    </ClCompile>
    <ClCompile Include="SceneManager.cpp">
      <Filter>Scenes</Filter>
    </ClCompile>
    <ClCompile Include="MainThreadValue.cpp">
      <Filter>Thread</Filter>
    </ClCompile>
    <ClCompile Include="ObjectOverlapping.cpp">
      <Filter>Objects\Overlapping</Filter>
    </ClCompile>
    <ClCompile Include="ApplicationPreference.cpp">
      <Filter>Static</Filter>
    </ClCompile>
    <ClCompile Include="WindowHolding.cpp">
      <Filter>Window</Filter>
    </ClCompile>
    <ClCompile Include="ButtonObject.cpp">
      <Filter>Objects\Variety\Button</Filter>
    </ClCompile>
    <ClCompile Include="RectangleObject.cpp">
      <Filter>Objects\Variety\Rectangle</Filter>
    </ClCompile>
    <ClCompile Include="BlankRedirectScene.cpp">
      <Filter>Scenes\Pages\_blank</Filter>
    </ClCompile>
    <ClCompile Include="DebugScene.cpp">
      <Filter>Scenes\Pages\Debug</Filter>
    </ClCompile>
    <ClCompile Include="HomeScene.cpp">
      <Filter>Scenes\Pages\Home</Filter>
    </ClCompile>
    <ClCompile Include="ApplicationBuilder.cpp">
      <Filter>System</Filter>
    </ClCompile>
    <ClCompile Include="CanvasObject.cpp">
      <Filter>Objects\Variety\Canvas</Filter>
    </ClCompile>
    <ClCompile Include="ObjectBase.cpp">
      <Filter>Objects\Variety\Base</Filter>
    </ClCompile>
    <ClCompile Include="ProgressObject.cpp">
      <Filter>Objects\Variety\Progress</Filter>
    </ClCompile>
    <ClCompile Include="TextObject.cpp">
      <Filter>Objects\Variety\Text</Filter>
    </ClCompile>
    <ClCompile Include="Header.cpp">
      <Filter>Scenes\Header</Filter>
    </ClCompile>
    <ClCompile Include="SceneBase.cpp">
      <Filter>Scenes\Base</Filter>
    </ClCompile>
    <ClCompile Include="ObjectLayer.cpp" />
  </ItemGroup>
  <ItemGroup>
    <ClInclude Include="ImageChest.h">
      <Filter>Media</Filter>
    </ClInclude>
    <ClInclude Include="ImageData.h">
      <Filter>Media</Filter>
    </ClInclude>
    <ClInclude Include="MovieData.h">
      <Filter>Media</Filter>
    </ClInclude>
    <ClInclude Include="MovieChest.h">
      <Filter>Media</Filter>
    </ClInclude>
    <ClInclude Include="MusicChest.h">
      <Filter>Media</Filter>
    </ClInclude>
    <ClInclude Include="MusicData.h">
      <Filter>Media</Filter>
    </ClInclude>
    <ClInclude Include="FontChest.h">
      <Filter>Font</Filter>
    </ClInclude>
    <ClInclude Include="KeyboardInput.h">
      <Filter>Input</Filter>
    </ClInclude>
    <ClInclude Include="MouseInput.h">
      <Filter>Input</Filter>
    </ClInclude>
    <ClInclude Include="ScrollInput.h">
      <Filter>Input</Filter>
    </ClInclude>
    <ClInclude Include="JsonSoftwareData.h">
      <Filter>Json</Filter>
    </ClInclude>
    <ClInclude Include="ApplicationPreference.h">
      <Filter>Static</Filter>
    </ClInclude>
    <ClInclude Include="PositionVector.h">
      <Filter>Struct</Filter>
    </ClInclude>
    <ClInclude Include="MouseClickType.h">
      <Filter>Struct</Filter>
    </ClInclude>
    <ClInclude Include="PressFrameEnum.h">
      <Filter>Enum</Filter>
    </ClInclude>
    <ClInclude Include="SceneManager.h">
      <Filter>Scenes</Filter>
    </ClInclude>
    <ClInclude Include="MainThreadValue.h">
      <Filter>Thread</Filter>
    </ClInclude>
    <ClInclude Include="ObjectOverlapping.h">
      <Filter>Objects\Overlapping</Filter>
    </ClInclude>
    <ClInclude Include="WindowHolding.h">
      <Filter>Window</Filter>
    </ClInclude>
    <ClInclude Include="ButtonObject.h">
      <Filter>Objects\Variety\Button</Filter>
    </ClInclude>
    <ClInclude Include="SceneSet.h">
      <Filter>Struct</Filter>
    </ClInclude>
    <ClInclude Include="RectangleObject.h">
      <Filter>Objects\Variety\Rectangle</Filter>
    </ClInclude>
    <ClInclude Include="BlankRedirectScene.h">
      <Filter>Scenes\Pages\_blank</Filter>
    </ClInclude>
    <ClInclude Include="DebugScene.h">
      <Filter>Scenes\Pages\Debug</Filter>
    </ClInclude>
    <ClInclude Include="HomeScene.h">
      <Filter>Scenes\Pages\Home</Filter>
    </ClInclude>
    <ClInclude Include="ExePath.h" />
    <ClInclude Include="FontHandleData.h">
      <Filter>Struct</Filter>
    </ClInclude>
    <ClInclude Include="ApplicationBuilder.h">
      <Filter>System</Filter>
    </ClInclude>
    <ClInclude Include="CanvasObject.h">
      <Filter>Objects\Variety\Canvas</Filter>
    </ClInclude>
    <ClInclude Include="ObjectBase.h">
      <Filter>Objects\Variety\Base</Filter>
    </ClInclude>
    <ClInclude Include="ProgressObject.h">
      <Filter>Objects\Variety\Progress</Filter>
    </ClInclude>
    <ClInclude Include="TextObject.h">
      <Filter>Objects\Variety\Text</Filter>
    </ClInclude>
    <ClInclude Include="TextAlign.h">
      <Filter>Enum</Filter>
    </ClInclude>
    <ClInclude Include="Header.h">
      <Filter>Scenes\Header</Filter>
    </ClInclude>
    <ClInclude Include="SceneBase.h">
      <Filter>Scenes\Base</Filter>
    </ClInclude>
    <ClInclude Include="ObjectLayer.h" />
  </ItemGroup>
  <ItemGroup>
    <Filter Include="Objects">
      <UniqueIdentifier>{b89157d3-31ab-42c3-a63d-868bce785114}</UniqueIdentifier>
    </Filter>
    <Filter Include="Media">
      <UniqueIdentifier>{d1d7da00-ec25-4c1a-9091-f3a0d5908fa8}</UniqueIdentifier>
    </Filter>
    <Filter Include="Font">
      <UniqueIdentifier>{ca5bbbc7-eda8-4ea6-9032-6e9becfc79d4}</UniqueIdentifier>
    </Filter>
    <Filter Include="Scenes">
      <UniqueIdentifier>{b19d0ed1-135f-4692-b491-2271f132eeda}</UniqueIdentifier>
    </Filter>
    <Filter Include="Input">
      <UniqueIdentifier>{0f501da7-2557-4c32-8669-69cb08a5e237}</UniqueIdentifier>
    </Filter>
    <Filter Include="Json">
      <UniqueIdentifier>{0e47f6f3-71f4-4032-b021-fb2ca20b90b6}</UniqueIdentifier>
    </Filter>
    <Filter Include="Static">
      <UniqueIdentifier>{c62bfbfe-cb39-4cd5-9e37-29c4227ff06f}</UniqueIdentifier>
    </Filter>
    <Filter Include="Struct">
      <UniqueIdentifier>{c3f6ab56-7af0-46e0-8692-91f16e722d2f}</UniqueIdentifier>
    </Filter>
    <Filter Include="Enum">
      <UniqueIdentifier>{34754fae-625d-4b1d-ad3e-22f88caa1c21}</UniqueIdentifier>
    </Filter>
    <Filter Include="Thread">
      <UniqueIdentifier>{2bceac65-f292-4e65-b509-74606581ba7e}</UniqueIdentifier>
    </Filter>
    <Filter Include="Objects\Overlapping">
      <UniqueIdentifier>{d209b252-a02e-45bc-b5e4-dedf214244b6}</UniqueIdentifier>
    </Filter>
    <Filter Include="Window">
      <UniqueIdentifier>{928adc77-b9cd-45d0-8b27-e3091883ed7b}</UniqueIdentifier>
    </Filter>
    <Filter Include="Scenes\Pages">
      <UniqueIdentifier>{030fe8bd-2338-4a29-8e44-271fb9217f4c}</UniqueIdentifier>
    </Filter>
    <Filter Include="Scenes\Pages\Home">
      <UniqueIdentifier>{2afbab6e-4991-4bdd-bcdb-ae4fd632ac1e}</UniqueIdentifier>
    </Filter>
    <Filter Include="Scenes\Pages\Debug">
      <UniqueIdentifier>{0577ac05-f5e2-45a4-b93d-191bd87d99b5}</UniqueIdentifier>
    </Filter>
    <Filter Include="Scenes\Pages\_blank">
      <UniqueIdentifier>{f5c273e3-003d-4ff0-ba17-fa146bb20f2d}</UniqueIdentifier>
    </Filter>
    <Filter Include="System">
      <UniqueIdentifier>{5f3d2d27-5497-4f7d-87f1-111c26751617}</UniqueIdentifier>
    </Filter>
    <Filter Include="Scenes\Header">
      <UniqueIdentifier>{2a1c5b03-bf66-4380-aac6-4e25b1754872}</UniqueIdentifier>
    </Filter>
    <Filter Include="Scenes\Base">
      <UniqueIdentifier>{31696f90-a1ce-45d6-9837-6741bd99617e}</UniqueIdentifier>
    </Filter>
    <Filter Include="Objects\Variety">
      <UniqueIdentifier>{36078c19-1149-417f-ba7c-068a630faa03}</UniqueIdentifier>
    </Filter>
    <Filter Include="Objects\Variety\Base">
      <UniqueIdentifier>{3ce65e32-aeda-4259-84c9-422ca34a65c0}</UniqueIdentifier>
    </Filter>
    <Filter Include="Objects\Variety\Button">
      <UniqueIdentifier>{fd5772b1-3fdf-4fae-82c5-bd7ed86c9208}</UniqueIdentifier>
    </Filter>
    <Filter Include="Objects\Variety\Canvas">
      <UniqueIdentifier>{6d99426a-2e40-4e56-a95b-ff5df7084f80}</UniqueIdentifier>
    </Filter>
    <Filter Include="Objects\Variety\Progress">
      <UniqueIdentifier>{a4cd54fa-2bb8-44f7-bb09-d77d32ebb85f}</UniqueIdentifier>
    </Filter>
    <Filter Include="Objects\Variety\Rectangle">
      <UniqueIdentifier>{0ec7aa0d-ea5b-42a7-862a-3019d0b4336a}</UniqueIdentifier>
    </Filter>
    <Filter Include="Objects\Variety\Text">
      <UniqueIdentifier>{41bef669-2831-4a54-a8c3-eff7ed713963}</UniqueIdentifier>
    </Filter>
    <Filter Include="Objects\Layer">
      <UniqueIdentifier>{0154de5a-41b9-4613-b40c-6336b21c96f9}</UniqueIdentifier>
    </Filter>
  </ItemGroup>
</Project>