<?xml version="1.0" encoding="utf-8"?>
<Project ToolsVersion="4.0" xmlns="http://schemas.microsoft.com/developer/msbuild/2003">
  <ItemGroup>
    <ClCompile Include="GameLauncher.cpp" />
    <ClCompile Include="ButtonObject.cpp">
      <Filter>Objects</Filter>
    </ClCompile>
    <ClCompile Include="ProgressObject.cpp">
      <Filter>Objects</Filter>
    </ClCompile>
    <ClCompile Include="ImageData.cpp">
      <Filter>Media</Filter>
    </ClCompile>
    <ClCompile Include="ImageChest.cpp">
      <Filter>Media</Filter>
    </ClCompile>
    <ClCompile Include="MovieData.cpp">
      <Filter>Media</Filter>
    </ClCompile>
    <ClCompile Include="MovieChest.cpp">
      <Filter>Media</Filter>
    </ClCompile>
    <ClCompile Include="MusicChest.cpp">
      <Filter>Media</Filter>
    </ClCompile>
    <ClCompile Include="MusicData.cpp">
      <Filter>Media</Filter>
    </ClCompile>
    <ClCompile Include="FontChest.cpp">
      <Filter>Font</Filter>
    </ClCompile>
    <ClCompile Include="FontData.cpp">
      <Filter>Font</Filter>
    </ClCompile>
    <ClCompile Include="SceneBase.cpp">
      <Filter>Scenes</Filter>
    </ClCompile>
    <ClCompile Include="TabScene.cpp">
      <Filter>Scenes</Filter>
    </ClCompile>
    <ClCompile Include="KeyboardInput.cpp">
      <Filter>Input</Filter>
    </ClCompile>
    <ClCompile Include="MouseInput.cpp">
      <Filter>Input</Filter>
    </ClCompile>
    <ClCompile Include="ScrollInput.cpp">
      <Filter>Input</Filter>
    </ClCompile>
    <ClCompile Include="Header.cpp">
      <Filter>Scenes</Filter>
    </ClCompile>
    <ClCompile Include="JsonSoftwareData.cpp">
      <Filter>Json</Filter>
    </ClCompile>
    <ClCompile Include="SceneManager.cpp">
      <Filter>Scenes</Filter>
    </ClCompile>
  </ItemGroup>
  <ItemGroup>
    <ClInclude Include="ButtonObject.h">
      <Filter>Objects</Filter>
    </ClInclude>
    <ClInclude Include="ProgressObject.h">
      <Filter>Objects</Filter>
    </ClInclude>
    <ClInclude Include="ObjectBase.h">
      <Filter>Objects</Filter>
    </ClInclude>
    <ClInclude Include="ImageChest.h">
      <Filter>Media</Filter>
    </ClInclude>
    <ClInclude Include="ImageData.h">
      <Filter>Media</Filter>
    </ClInclude>
    <ClInclude Include="MovieData.h">
      <Filter>Media</Filter>
    </ClInclude>
    <ClInclude Include="MovieChest.h">
      <Filter>Media</Filter>
    </ClInclude>
    <ClInclude Include="MusicChest.h">
      <Filter>Media</Filter>
    </ClInclude>
    <ClInclude Include="MusicData.h">
      <Filter>Media</Filter>
    </ClInclude>
    <ClInclude Include="FontChest.h">
      <Filter>Font</Filter>
    </ClInclude>
    <ClInclude Include="FontData.h">
      <Filter>Font</Filter>
    </ClInclude>
    <ClInclude Include="SceneBase.h">
      <Filter>Scenes</Filter>
    </ClInclude>
    <ClInclude Include="TabScene.h">
      <Filter>Scenes</Filter>
    </ClInclude>
    <ClInclude Include="KeyboardInput.h">
      <Filter>Input</Filter>
    </ClInclude>
    <ClInclude Include="MouseInput.h">
      <Filter>Input</Filter>
    </ClInclude>
    <ClInclude Include="ScrollInput.h">
      <Filter>Input</Filter>
    </ClInclude>
    <ClInclude Include="Header.h">
      <Filter>Scenes</Filter>
    </ClInclude>
    <ClInclude Include="JsonSoftwareData.h">
      <Filter>Json</Filter>
    </ClInclude>
    <ClInclude Include="ExePath.h">
      <Filter>Objects</Filter>
    </ClInclude>
    <ClInclude Include="ApplicationPreference.h">
      <Filter>Static</Filter>
    </ClInclude>
    <ClInclude Include="PositionVector.h">
      <Filter>Struct</Filter>
    </ClInclude>
    <ClInclude Include="MouseClickType.h">
      <Filter>Struct</Filter>
    </ClInclude>
    <ClInclude Include="PressFrameEnum.h">
      <Filter>Enum</Filter>
    </ClInclude>
    <ClInclude Include="SceneManager.h">
      <Filter>Scenes</Filter>
    </ClInclude>
  </ItemGroup>
  <ItemGroup>
    <Filter Include="Objects">
      <UniqueIdentifier>{b89157d3-31ab-42c3-a63d-868bce785114}</UniqueIdentifier>
    </Filter>
    <Filter Include="Media">
      <UniqueIdentifier>{d1d7da00-ec25-4c1a-9091-f3a0d5908fa8}</UniqueIdentifier>
    </Filter>
    <Filter Include="Font">
      <UniqueIdentifier>{ca5bbbc7-eda8-4ea6-9032-6e9becfc79d4}</UniqueIdentifier>
    </Filter>
    <Filter Include="Scenes">
      <UniqueIdentifier>{b19d0ed1-135f-4692-b491-2271f132eeda}</UniqueIdentifier>
    </Filter>
    <Filter Include="Input">
      <UniqueIdentifier>{0f501da7-2557-4c32-8669-69cb08a5e237}</UniqueIdentifier>
    </Filter>
    <Filter Include="Json">
      <UniqueIdentifier>{0e47f6f3-71f4-4032-b021-fb2ca20b90b6}</UniqueIdentifier>
    </Filter>
    <Filter Include="Static">
      <UniqueIdentifier>{c62bfbfe-cb39-4cd5-9e37-29c4227ff06f}</UniqueIdentifier>
    </Filter>
    <Filter Include="Struct">
      <UniqueIdentifier>{c3f6ab56-7af0-46e0-8692-91f16e722d2f}</UniqueIdentifier>
    </Filter>
    <Filter Include="Enum">
      <UniqueIdentifier>{34754fae-625d-4b1d-ad3e-22f88caa1c21}</UniqueIdentifier>
    </Filter>
  </ItemGroup>
</Project>