<?xml version="1.0" encoding="utf-8"?>
<Project ToolsVersion="4.0" xmlns="http://schemas.microsoft.com/developer/msbuild/2003">
  <ItemGroup>
    <ClCompile Include="GameLauncher.cpp" />
    <ClCompile Include="ImageChest.cpp">
      <Filter>Media</Filter>
    </ClCompile>
    <ClCompile Include="MovieData.cpp">
      <Filter>Media</Filter>
    </ClCompile>
    <ClCompile Include="MovieChest.cpp">
      <Filter>Media</Filter>
    </ClCompile>
    <ClCompile Include="MusicChest.cpp">
      <Filter>Media</Filter>
    </ClCompile>
    <ClCompile Include="MusicData.cpp">
      <Filter>Media</Filter>
    </ClCompile>
    <ClCompile Include="FontChest.cpp">
      <Filter>Font</Filter>
    </ClCompile>
    <ClCompile Include="KeyboardInput.cpp">
      <Filter>Input</Filter>
    </ClCompile>
    <ClCompile Include="MouseInput.cpp">
      <Filter>Input</Filter>
    </ClCompile>
    <ClCompile Include="ScrollInput.cpp">
      <Filter>Input</Filter>
    </ClCompile>
    <ClCompile Include="JsonSoftwareData.cpp">
      <Filter>Json</Filter>
    </ClCompile>
    <ClCompile Include="SceneManager.cpp">
      <Filter>Scenes</Filter>
    </ClCompile>
    <ClCompile Include="MainThreadValue.cpp">
      <Filter>Thread</Filter>
    </ClCompile>
    <ClCompile Include="ObjectOverlapping.cpp">
      <Filter>Objects\Overlapping</Filter>
    </ClCompile>
    <ClCompile Include="ApplicationPreference.cpp">
      <Filter>Static</Filter>
    </ClCompile>
    <ClCompile Include="WindowHolding.cpp">
      <Filter>Window</Filter>
    </ClCompile>
    <ClCompile Include="ButtonObject.cpp">
      <Filter>Objects\Variety\Button</Filter>
    </ClCompile>
    <ClCompile Include="RectangleObject.cpp">
      <Filter>Objects\Variety\Rectangle</Filter>
    </ClCompile>
    <ClCompile Include="BlankRedirectScene.cpp">
      <Filter>Scenes\Pages\_blank</Filter>
    </ClCompile>
    <ClCompile Include="DebugScene.cpp">
      <Filter>Scenes\Pages\Debug</Filter>
    </ClCompile>
    <ClCompile Include="HomeScene.cpp">
      <Filter>Scenes\Pages\Home</Filter>
    </ClCompile>
    <ClCompile Include="ApplicationBuilder.cpp">
      <Filter>System</Filter>
    </ClCompile>
    <ClCompile Include="CanvasObject.cpp">
      <Filter>Objects\Variety\Canvas</Filter>
    </ClCompile>
    <ClCompile Include="ObjectBase.cpp">
      <Filter>Objects\Variety\Base</Filter>
    </ClCompile>
    <ClCompile Include="ProgressObject.cpp">
      <Filter>Objects\Variety\Progress</Filter>
    </ClCompile>
    <ClCompile Include="TextObject.cpp">
      <Filter>Objects\Variety\Text</Filter>
    </ClCompile>
    <ClCompile Include="Header.cpp">
      <Filter>Scenes\Header</Filter>
    </ClCompile>
    <ClCompile Include="SceneBase.cpp">
      <Filter>Scenes\Base</Filter>
    </ClCompile>
    <ClCompile Include="UUIDGenerator.cpp">
      <Filter>UUID</Filter>
    </ClCompile>
    <ClCompile Include="ApplicationTime.cpp">
      <Filter>System</Filter>
    </ClCompile>
    <ClCompile Include="LineObject.cpp">
      <Filter>Objects\Variety\Line</Filter>
    </ClCompile>
    <ClCompile Include="WindowHwnd.cpp">
      <Filter>Window</Filter>
    </ClCompile>
    <ClCompile Include="AppClose.cpp">
      <Filter>System</Filter>
    </ClCompile>
    <ClCompile Include="ObjectLayer.cpp">
      <Filter>Objects\Layer</Filter>
    </ClCompile>
    <ClCompile Include="InputObject.cpp">
      <Filter>Objects\Variety\Input</Filter>
    </ClCompile>
    <ClCompile Include="ComponentBase.cpp">
      <Filter>Component\Base</Filter>
    </ClCompile>
    <ClCompile Include="CanvasTemplate.cpp">
      <Filter>Canvases\Base</Filter>
    </ClCompile>
    <ClCompile Include="PopupWindow.cpp">
      <Filter>Canvases</Filter>
    </ClCompile>
    <ClCompile Include="MusicCanvas.cpp">
      <Filter>Scenes\Popup</Filter>
    </ClCompile>
    <ClCompile Include="PopupScene.cpp">
      <Filter>Scenes\Popup</Filter>
    </ClCompile>
    <ClCompile Include="ColorPreset.cpp">
      <Filter>Static</Filter>
    </ClCompile>
    <ClCompile Include="ImageObject.cpp">
      <Filter>Objects\Variety\Image</Filter>
    </ClCompile>
    <ClCompile Include="WorkScene.cpp">
      <Filter>Scenes\Pages\Work</Filter>
    </ClCompile>
    <ClCompile Include="WelcomeScene.cpp">
      <Filter>Scenes\Pages\Welcome</Filter>
    </ClCompile>
    <ClCompile Include="LauncherScene.cpp">
      <Filter>Scenes\Pages\Launcher</Filter>
    </ClCompile>
    <ClCompile Include="WorkRegisterScene.cpp">
      <Filter>Scenes\Pages\WorkRegister</Filter>
    </ClCompile>
    <ClCompile Include="ExePath.cpp">
      <Filter>System</Filter>
    </ClCompile>
    <ClCompile Include="MusicPlayer.cpp">
      <Filter>System</Filter>
    </ClCompile>
    <ClCompile Include="PlayerScene.cpp">
      <Filter>Scenes\Pages\Player</Filter>
    </ClCompile>
    <ClCompile Include="PlayListObject.cpp">
      <Filter>Objects\Variety\PlayList</Filter>
    </ClCompile>
    <ClCompile Include="PlayStateRotater.cpp">
      <Filter>Media</Filter>
    </ClCompile>
  </ItemGroup>
  <ItemGroup>
    <ClInclude Include="ImageChest.h">
      <Filter>Media</Filter>
    </ClInclude>
    <ClInclude Include="MovieData.h">
      <Filter>Media</Filter>
    </ClInclude>
    <ClInclude Include="MovieChest.h">
      <Filter>Media</Filter>
    </ClInclude>
    <ClInclude Include="MusicChest.h">
      <Filter>Media</Filter>
    </ClInclude>
    <ClInclude Include="MusicData.h">
      <Filter>Media</Filter>
    </ClInclude>
    <ClInclude Include="FontChest.h">
      <Filter>Font</Filter>
    </ClInclude>
    <ClInclude Include="KeyboardInput.h">
      <Filter>Input</Filter>
    </ClInclude>
    <ClInclude Include="MouseInput.h">
      <Filter>Input</Filter>
    </ClInclude>
    <ClInclude Include="ScrollInput.h">
      <Filter>Input</Filter>
    </ClInclude>
    <ClInclude Include="JsonSoftwareData.h">
      <Filter>Json</Filter>
    </ClInclude>
    <ClInclude Include="ApplicationPreference.h">
      <Filter>Static</Filter>
    </ClInclude>
    <ClInclude Include="PositionVector.h">
      <Filter>Struct</Filter>
    </ClInclude>
    <ClInclude Include="MouseClickType.h">
      <Filter>Struct</Filter>
    </ClInclude>
    <ClInclude Include="PressFrameEnum.h">
      <Filter>Enum</Filter>
    </ClInclude>
    <ClInclude Include="SceneManager.h">
      <Filter>Scenes</Filter>
    </ClInclude>
    <ClInclude Include="MainThreadValue.h">
      <Filter>Thread</Filter>
    </ClInclude>
    <ClInclude Include="ObjectOverlapping.h">
      <Filter>Objects\Overlapping</Filter>
    </ClInclude>
    <ClInclude Include="WindowHolding.h">
      <Filter>Window</Filter>
    </ClInclude>
    <ClInclude Include="ButtonObject.h">
      <Filter>Objects\Variety\Button</Filter>
    </ClInclude>
    <ClInclude Include="SceneSet.h">
      <Filter>Struct</Filter>
    </ClInclude>
    <ClInclude Include="RectangleObject.h">
      <Filter>Objects\Variety\Rectangle</Filter>
    </ClInclude>
    <ClInclude Include="BlankRedirectScene.h">
      <Filter>Scenes\Pages\_blank</Filter>
    </ClInclude>
    <ClInclude Include="DebugScene.h">
      <Filter>Scenes\Pages\Debug</Filter>
    </ClInclude>
    <ClInclude Include="HomeScene.h">
      <Filter>Scenes\Pages\Home</Filter>
    </ClInclude>
    <ClInclude Include="FontHandleData.h">
      <Filter>Struct</Filter>
    </ClInclude>
    <ClInclude Include="ApplicationBuilder.h">
      <Filter>System</Filter>
    </ClInclude>
    <ClInclude Include="CanvasObject.h">
      <Filter>Objects\Variety\Canvas</Filter>
    </ClInclude>
    <ClInclude Include="ObjectBase.h">
      <Filter>Objects\Variety\Base</Filter>
    </ClInclude>
    <ClInclude Include="ProgressObject.h">
      <Filter>Objects\Variety\Progress</Filter>
    </ClInclude>
    <ClInclude Include="TextObject.h">
      <Filter>Objects\Variety\Text</Filter>
    </ClInclude>
    <ClInclude Include="TextAlign.h">
      <Filter>Enum</Filter>
    </ClInclude>
    <ClInclude Include="Header.h">
      <Filter>Scenes\Header</Filter>
    </ClInclude>
    <ClInclude Include="SceneBase.h">
      <Filter>Scenes\Base</Filter>
    </ClInclude>
    <ClInclude Include="UUIDGenerator.h">
      <Filter>UUID</Filter>
    </ClInclude>
    <ClInclude Include="ExePath.h">
      <Filter>System</Filter>
    </ClInclude>
    <ClInclude Include="ObjectFuncData.h">
      <Filter>Struct</Filter>
    </ClInclude>
    <ClInclude Include="ApplicationTime.h">
      <Filter>System</Filter>
    </ClInclude>
    <ClInclude Include="Color255.h">
      <Filter>Struct</Filter>
    </ClInclude>
    <ClInclude Include="OriginalObjects.h">
      <Filter>Includes</Filter>
    </ClInclude>
    <ClInclude Include="AnimationStatus.h">
      <Filter>Struct</Filter>
    </ClInclude>
    <ClInclude Include="LineObject.h">
      <Filter>Objects\Variety\Line</Filter>
    </ClInclude>
    <ClInclude Include="WindowHwnd.h">
      <Filter>Window</Filter>
    </ClInclude>
    <ClInclude Include="AppClose.h">
      <Filter>System</Filter>
    </ClInclude>
    <ClInclude Include="ObjectLayer.h">
      <Filter>Objects\Layer</Filter>
    </ClInclude>
    <ClInclude Include="InputObject.h">
      <Filter>Objects\Variety\Input</Filter>
    </ClInclude>
    <ClInclude Include="ColorTypes.h">
      <Filter>Enum</Filter>
    </ClInclude>
    <ClInclude Include="AnimationPointerData.h">
      <Filter>Struct</Filter>
    </ClInclude>
    <ClInclude Include="VectorTypes.h">
      <Filter>Enum</Filter>
    </ClInclude>
    <ClInclude Include="MouseEventCase.h">
      <Filter>Enum</Filter>
    </ClInclude>
    <ClInclude Include="ComponentBase.h">
      <Filter>Component\Base</Filter>
    </ClInclude>
    <ClInclude Include="CanvasTemplate.h">
      <Filter>Canvases\Base</Filter>
    </ClInclude>
    <ClInclude Include="PopupWindow.h">
      <Filter>Canvases</Filter>
    </ClInclude>
    <ClInclude Include="lib\picojson.h">
      <Filter>lib</Filter>
    </ClInclude>
    <ClInclude Include="MusicCanvas.h">
      <Filter>Scenes\Popup</Filter>
    </ClInclude>
    <ClInclude Include="PopupScene.h">
      <Filter>Scenes\Popup</Filter>
    </ClInclude>
    <ClInclude Include="ColorPreset.h">
      <Filter>Static</Filter>
    </ClInclude>
    <ClInclude Include="SharingScenes.h">
      <Filter>Scenes</Filter>
    </ClInclude>
    <ClInclude Include="ImageObject.h">
      <Filter>Objects\Variety\Image</Filter>
    </ClInclude>
    <ClInclude Include="WorkScene.h">
      <Filter>Scenes\Pages\Work</Filter>
    </ClInclude>
    <ClInclude Include="WelcomeScene.h">
      <Filter>Scenes\Pages\Welcome</Filter>
    </ClInclude>
    <ClInclude Include="PlayData.h">
      <Filter>Struct</Filter>
    </ClInclude>
    <ClInclude Include="PlayState.h">
      <Filter>Enum</Filter>
    </ClInclude>
    <ClInclude Include="LauncherScene.h">
      <Filter>Scenes\Pages\Launcher</Filter>
    </ClInclude>
    <ClInclude Include="WorkRegisterScene.h">
      <Filter>Scenes\Pages\WorkRegister</Filter>
    </ClInclude>
    <ClInclude Include="StringConvert.h">
      <Filter>Static</Filter>
    </ClInclude>
    <ClInclude Include="MusicPlayer.h">
      <Filter>System</Filter>
    </ClInclude>
    <ClInclude Include="PlayerScene.h">
      <Filter>Scenes\Pages\Player</Filter>
    </ClInclude>
    <ClInclude Include="PlayListObject.h">
      <Filter>Objects\Variety\PlayList</Filter>
    </ClInclude>
    <ClInclude Include="PlayStateRotater.h">
      <Filter>Media</Filter>
    </ClInclude>
  </ItemGroup>
  <ItemGroup>
    <Filter Include="Objects">
      <UniqueIdentifier>{b89157d3-31ab-42c3-a63d-868bce785114}</UniqueIdentifier>
    </Filter>
    <Filter Include="Media">
      <UniqueIdentifier>{d1d7da00-ec25-4c1a-9091-f3a0d5908fa8}</UniqueIdentifier>
    </Filter>
    <Filter Include="Font">
      <UniqueIdentifier>{ca5bbbc7-eda8-4ea6-9032-6e9becfc79d4}</UniqueIdentifier>
    </Filter>
    <Filter Include="Scenes">
      <UniqueIdentifier>{b19d0ed1-135f-4692-b491-2271f132eeda}</UniqueIdentifier>
    </Filter>
    <Filter Include="Input">
      <UniqueIdentifier>{0f501da7-2557-4c32-8669-69cb08a5e237}</UniqueIdentifier>
    </Filter>
    <Filter Include="Json">
      <UniqueIdentifier>{0e47f6f3-71f4-4032-b021-fb2ca20b90b6}</UniqueIdentifier>
    </Filter>
    <Filter Include="Static">
      <UniqueIdentifier>{c62bfbfe-cb39-4cd5-9e37-29c4227ff06f}</UniqueIdentifier>
    </Filter>
    <Filter Include="Struct">
      <UniqueIdentifier>{c3f6ab56-7af0-46e0-8692-91f16e722d2f}</UniqueIdentifier>
    </Filter>
    <Filter Include="Enum">
      <UniqueIdentifier>{34754fae-625d-4b1d-ad3e-22f88caa1c21}</UniqueIdentifier>
    </Filter>
    <Filter Include="Thread">
      <UniqueIdentifier>{2bceac65-f292-4e65-b509-74606581ba7e}</UniqueIdentifier>
    </Filter>
    <Filter Include="Objects\Overlapping">
      <UniqueIdentifier>{d209b252-a02e-45bc-b5e4-dedf214244b6}</UniqueIdentifier>
    </Filter>
    <Filter Include="Window">
      <UniqueIdentifier>{928adc77-b9cd-45d0-8b27-e3091883ed7b}</UniqueIdentifier>
    </Filter>
    <Filter Include="Scenes\Pages">
      <UniqueIdentifier>{030fe8bd-2338-4a29-8e44-271fb9217f4c}</UniqueIdentifier>
    </Filter>
    <Filter Include="Scenes\Pages\Home">
      <UniqueIdentifier>{2afbab6e-4991-4bdd-bcdb-ae4fd632ac1e}</UniqueIdentifier>
    </Filter>
    <Filter Include="Scenes\Pages\Debug">
      <UniqueIdentifier>{0577ac05-f5e2-45a4-b93d-191bd87d99b5}</UniqueIdentifier>
    </Filter>
    <Filter Include="Scenes\Pages\_blank">
      <UniqueIdentifier>{f5c273e3-003d-4ff0-ba17-fa146bb20f2d}</UniqueIdentifier>
    </Filter>
    <Filter Include="System">
      <UniqueIdentifier>{5f3d2d27-5497-4f7d-87f1-111c26751617}</UniqueIdentifier>
    </Filter>
    <Filter Include="Scenes\Header">
      <UniqueIdentifier>{2a1c5b03-bf66-4380-aac6-4e25b1754872}</UniqueIdentifier>
    </Filter>
    <Filter Include="Scenes\Base">
      <UniqueIdentifier>{31696f90-a1ce-45d6-9837-6741bd99617e}</UniqueIdentifier>
    </Filter>
    <Filter Include="Objects\Variety">
      <UniqueIdentifier>{36078c19-1149-417f-ba7c-068a630faa03}</UniqueIdentifier>
    </Filter>
    <Filter Include="Objects\Variety\Base">
      <UniqueIdentifier>{3ce65e32-aeda-4259-84c9-422ca34a65c0}</UniqueIdentifier>
    </Filter>
    <Filter Include="Objects\Variety\Button">
      <UniqueIdentifier>{fd5772b1-3fdf-4fae-82c5-bd7ed86c9208}</UniqueIdentifier>
    </Filter>
    <Filter Include="Objects\Variety\Canvas">
      <UniqueIdentifier>{6d99426a-2e40-4e56-a95b-ff5df7084f80}</UniqueIdentifier>
    </Filter>
    <Filter Include="Objects\Variety\Progress">
      <UniqueIdentifier>{a4cd54fa-2bb8-44f7-bb09-d77d32ebb85f}</UniqueIdentifier>
    </Filter>
    <Filter Include="Objects\Variety\Rectangle">
      <UniqueIdentifier>{0ec7aa0d-ea5b-42a7-862a-3019d0b4336a}</UniqueIdentifier>
    </Filter>
    <Filter Include="Objects\Variety\Text">
      <UniqueIdentifier>{41bef669-2831-4a54-a8c3-eff7ed713963}</UniqueIdentifier>
    </Filter>
    <Filter Include="Objects\Layer">
      <UniqueIdentifier>{0154de5a-41b9-4613-b40c-6336b21c96f9}</UniqueIdentifier>
    </Filter>
    <Filter Include="UUID">
      <UniqueIdentifier>{58c29971-4f7b-4c55-b150-c96c5c2755f1}</UniqueIdentifier>
    </Filter>
    <Filter Include="Includes">
      <UniqueIdentifier>{16655d38-f8e3-49ca-a00a-b878cd294aa1}</UniqueIdentifier>
    </Filter>
    <Filter Include="Objects\Variety\Input">
      <UniqueIdentifier>{dfcca03c-92d1-4d7c-8a47-9ef5a81ed85f}</UniqueIdentifier>
    </Filter>
    <Filter Include="Objects\Variety\Line">
      <UniqueIdentifier>{af45ec3e-b1c5-40ee-aca7-10b753edc029}</UniqueIdentifier>
    </Filter>
    <Filter Include="Component">
      <UniqueIdentifier>{5858768e-b38a-4e9f-9623-2a420d9150e4}</UniqueIdentifier>
    </Filter>
    <Filter Include="Component\Base">
      <UniqueIdentifier>{3214b190-e5f6-47c9-927d-586c9ef48d30}</UniqueIdentifier>
    </Filter>
    <Filter Include="Canvases">
      <UniqueIdentifier>{bf1ac7ca-4798-483a-90e1-d41b1e8c4a95}</UniqueIdentifier>
    </Filter>
    <Filter Include="Canvases\Base">
      <UniqueIdentifier>{b5fc0fd6-9f4a-438f-8818-fdfedeeb75ae}</UniqueIdentifier>
    </Filter>
    <Filter Include="lib">
      <UniqueIdentifier>{ead72e65-26be-4578-8af8-554c44e45af8}</UniqueIdentifier>
    </Filter>
    <Filter Include="Scenes\Popup">
      <UniqueIdentifier>{d66c7b86-1104-4392-9441-730f2d955ceb}</UniqueIdentifier>
    </Filter>
    <Filter Include="Objects\Variety\Image">
      <UniqueIdentifier>{f30e15ac-5899-4f6e-8039-deaaa2ddc8bd}</UniqueIdentifier>
    </Filter>
    <Filter Include="Scenes\Pages\Work">
      <UniqueIdentifier>{b897437c-2f24-4790-8652-a701b6a686ca}</UniqueIdentifier>
    </Filter>
    <Filter Include="Scenes\Pages\Welcome">
      <UniqueIdentifier>{759a8c0b-10e0-4b1d-82b6-feeb75885dad}</UniqueIdentifier>
    </Filter>
    <Filter Include="Scenes\Pages\WorkRegister">
      <UniqueIdentifier>{73b5dfef-c51a-4185-bd2b-38e4376f8ffa}</UniqueIdentifier>
    </Filter>
    <Filter Include="Scenes\Pages\Launcher">
      <UniqueIdentifier>{d8f061a2-edc3-40cc-97fc-b4b180aafbff}</UniqueIdentifier>
    </Filter>
    <Filter Include="Scenes\Pages\Player">
      <UniqueIdentifier>{c51475f7-d1af-4204-a49d-259452eaaab9}</UniqueIdentifier>
    </Filter>
    <Filter Include="Objects\Variety\PlayList">
      <UniqueIdentifier>{bd56b3f6-ab89-4479-b7f8-844f27ba1bb6}</UniqueIdentifier>
    </Filter>
  </ItemGroup>
</Project>